{
  "pins" : [
    {
      "identity" : "ios-dependency-injection",
      "kind" : "remoteSourceControl",
      "location" : "https://github.com/strvcom/ios-dependency-injection/",
      "state" : {
        "revision" : "8dbf23b56f11ecc34580745d16141e4d2a4c5129",
        "version" : "1.0.3"
      }
    }
  ],
  "version" : 2
}
