// !$*UTF8*$!
{
	archiveVersion = 1;
	classes = {
	};
	objectVersion = 56;
	objects = {

/* Begin PBXBuildFile section */
		5848515528FE8F6600694341 /* Router.swift in Sources */ = {isa = PBXBuildFile; fileRef = 5848515428FE8F6600694341 /* Router.swift */; };
		5848515928FE901E00694341 /* NavigationRoot.swift in Sources */ = {isa = PBXBuildFile; fileRef = 5848515828FE901E00694341 /* NavigationRoot.swift */; };
		5848515C28FE907E00694341 /* OnboardingView.swift in Sources */ = {isa = PBXBuildFile; fileRef = 5848515B28FE907E00694341 /* OnboardingView.swift */; };
		5848515E28FE92EA00694341 /* OnboardingStep1View.swift in Sources */ = {isa = PBXBuildFile; fileRef = 5848515D28FE92EA00694341 /* OnboardingStep1View.swift */; };
		5848516028FE932B00694341 /* OnboardingStep2View.swift in Sources */ = {isa = PBXBuildFile; fileRef = 5848515F28FE932B00694341 /* OnboardingStep2View.swift */; };
		5848516228FE9AED00694341 /* LoginView.swift in Sources */ = {isa = PBXBuildFile; fileRef = 5848516128FE9AED00694341 /* LoginView.swift */; };
		5848516428FE9B0C00694341 /* RegistrationView.swift in Sources */ = {isa = PBXBuildFile; fileRef = 5848516328FE9B0C00694341 /* RegistrationView.swift */; };
		5848516628FE9CFC00694341 /* LoginRoute.swift in Sources */ = {isa = PBXBuildFile; fileRef = 5848516528FE9CFC00694341 /* LoginRoute.swift */; };
		5848516828FE9D3700694341 /* OnboardingRoute.swift in Sources */ = {isa = PBXBuildFile; fileRef = 5848516728FE9D3700694341 /* OnboardingRoute.swift */; };
		5848516A28FE9D6200694341 /* ResetPasswordView.swift in Sources */ = {isa = PBXBuildFile; fileRef = 5848516928FE9D6200694341 /* ResetPasswordView.swift */; };
		5848516D28FEA17200694341 /* TabBarView.swift in Sources */ = {isa = PBXBuildFile; fileRef = 5848516C28FEA17200694341 /* TabBarView.swift */; };
		5848516F28FEA9BB00694341 /* CharactersView.swift in Sources */ = {isa = PBXBuildFile; fileRef = 5848516E28FEA9BB00694341 /* CharactersView.swift */; };
		5848517128FEA9C700694341 /* EpisodesView.swift in Sources */ = {isa = PBXBuildFile; fileRef = 5848517028FEA9C700694341 /* EpisodesView.swift */; };
		5848517428FEAA8C00694341 /* CharacterDetailView.swift in Sources */ = {isa = PBXBuildFile; fileRef = 5848517328FEAA8C00694341 /* CharacterDetailView.swift */; };
		5848517728FEAAB300694341 /* EpisodeDetailView.swift in Sources */ = {isa = PBXBuildFile; fileRef = 5848517628FEAAB300694341 /* EpisodeDetailView.swift */; };
		5848517928FEAB7900694341 /* CharacterSheetView.swift in Sources */ = {isa = PBXBuildFile; fileRef = 5848517828FEAB7900694341 /* CharacterSheetView.swift */; };
		5848517B28FEAC0100694341 /* TabRoute.swift in Sources */ = {isa = PBXBuildFile; fileRef = 5848517A28FEAC0100694341 /* TabRoute.swift */; };
		5848517D28FEBEB000694341 /* CharacterRoute.swift in Sources */ = {isa = PBXBuildFile; fileRef = 5848517C28FEBEB000694341 /* CharacterRoute.swift */; };
		5848517F28FEBFD900694341 /* SettingsView.swift in Sources */ = {isa = PBXBuildFile; fileRef = 5848517E28FEBFD900694341 /* SettingsView.swift */; };
		5848518128FEC19100694341 /* SettingsRoute.swift in Sources */ = {isa = PBXBuildFile; fileRef = 5848518028FEC19100694341 /* SettingsRoute.swift */; };
		5848518328FEC2B000694341 /* ProfileView.swift in Sources */ = {isa = PBXBuildFile; fileRef = 5848518228FEC2B000694341 /* ProfileView.swift */; };
		5848518628FEC97B00694341 /* LoginError.swift in Sources */ = {isa = PBXBuildFile; fileRef = 5848518528FEC97B00694341 /* LoginError.swift */; };
		589E0A652901622D0042E91B /* Character.swift in Sources */ = {isa = PBXBuildFile; fileRef = 589E0A642901622D0042E91B /* Character.swift */; };
		589E0A67290162E60042E91B /* Episode.swift in Sources */ = {isa = PBXBuildFile; fileRef = 589E0A66290162E60042E91B /* Episode.swift */; };
		589E0A692901632D0042E91B /* CharacterDetailViewModel.swift in Sources */ = {isa = PBXBuildFile; fileRef = 589E0A682901632D0042E91B /* CharacterDetailViewModel.swift */; };
		589E0A6B290163550042E91B /* EpisodeDetailViewModel.swift in Sources */ = {isa = PBXBuildFile; fileRef = 589E0A6A290163550042E91B /* EpisodeDetailViewModel.swift */; };
		589E0A6D2901636B0042E91B /* ProfileViewModel.swift in Sources */ = {isa = PBXBuildFile; fileRef = 589E0A6C2901636B0042E91B /* ProfileViewModel.swift */; };
		589E0A6F290163F00042E91B /* CharacterSheetViewModel.swift in Sources */ = {isa = PBXBuildFile; fileRef = 589E0A6E290163F00042E91B /* CharacterSheetViewModel.swift */; };
		589E0A71290165E50042E91B /* LoginViewModel.swift in Sources */ = {isa = PBXBuildFile; fileRef = 589E0A70290165E50042E91B /* LoginViewModel.swift */; };
		58E8F03D28EDBE4500C0B357 /* ios_navigation_stack_sampleApp.swift in Sources */ = {isa = PBXBuildFile; fileRef = 58E8F03C28EDBE4500C0B357 /* ios_navigation_stack_sampleApp.swift */; };
		58E8F03F28EDBE4500C0B357 /* ContentView.swift in Sources */ = {isa = PBXBuildFile; fileRef = 58E8F03E28EDBE4500C0B357 /* ContentView.swift */; };
		58E8F04128EDBE4600C0B357 /* Assets.xcassets in Resources */ = {isa = PBXBuildFile; fileRef = 58E8F04028EDBE4600C0B357 /* Assets.xcassets */; };
		58E8F04428EDBE4600C0B357 /* Preview Assets.xcassets in Resources */ = {isa = PBXBuildFile; fileRef = 58E8F04328EDBE4600C0B357 /* Preview Assets.xcassets */; };
		58E972C52901661D0077967A /* RegistrationViewModel.swift in Sources */ = {isa = PBXBuildFile; fileRef = 58E972C42901661D0077967A /* RegistrationViewModel.swift */; };
		58E972C72901662D0077967A /* ResetPasswordViewModel.swift in Sources */ = {isa = PBXBuildFile; fileRef = 58E972C62901662D0077967A /* ResetPasswordViewModel.swift */; };
		58E972D029016AB50077967A /* OnboardingStep2ViewModel.swift in Sources */ = {isa = PBXBuildFile; fileRef = 58E972CF29016AB50077967A /* OnboardingStep2ViewModel.swift */; };
		58E972D4290175B20077967A /* Store.swift in Sources */ = {isa = PBXBuildFile; fileRef = 58E972D3290175B20077967A /* Store.swift */; };
		58E972D62901799C0077967A /* EpisodesViewModel.swift in Sources */ = {isa = PBXBuildFile; fileRef = 58E972D52901799C0077967A /* EpisodesViewModel.swift */; };
		58E972D829017A260077967A /* CharactersViewModel.swift in Sources */ = {isa = PBXBuildFile; fileRef = 58E972D729017A260077967A /* CharactersViewModel.swift */; };
/* End PBXBuildFile section */

/* Begin PBXFileReference section */
		5848514D28FD505900694341 /* Info.plist */ = {isa = PBXFileReference; lastKnownFileType = text.plist; path = Info.plist; sourceTree = "<group>"; };
		5848515428FE8F6600694341 /* Router.swift */ = {isa = PBXFileReference; lastKnownFileType = sourcecode.swift; path = Router.swift; sourceTree = "<group>"; };
		5848515828FE901E00694341 /* NavigationRoot.swift */ = {isa = PBXFileReference; lastKnownFileType = sourcecode.swift; path = NavigationRoot.swift; sourceTree = "<group>"; };
		5848515B28FE907E00694341 /* OnboardingView.swift */ = {isa = PBXFileReference; lastKnownFileType = sourcecode.swift; path = OnboardingView.swift; sourceTree = "<group>"; };
		5848515D28FE92EA00694341 /* OnboardingStep1View.swift */ = {isa = PBXFileReference; lastKnownFileType = sourcecode.swift; path = OnboardingStep1View.swift; sourceTree = "<group>"; };
		5848515F28FE932B00694341 /* OnboardingStep2View.swift */ = {isa = PBXFileReference; lastKnownFileType = sourcecode.swift; path = OnboardingStep2View.swift; sourceTree = "<group>"; };
		5848516128FE9AED00694341 /* LoginView.swift */ = {isa = PBXFileReference; lastKnownFileType = sourcecode.swift; path = LoginView.swift; sourceTree = "<group>"; };
		5848516328FE9B0C00694341 /* RegistrationView.swift */ = {isa = PBXFileReference; lastKnownFileType = sourcecode.swift; path = RegistrationView.swift; sourceTree = "<group>"; };
		5848516528FE9CFC00694341 /* LoginRoute.swift */ = {isa = PBXFileReference; lastKnownFileType = sourcecode.swift; path = LoginRoute.swift; sourceTree = "<group>"; };
		5848516728FE9D3700694341 /* OnboardingRoute.swift */ = {isa = PBXFileReference; lastKnownFileType = sourcecode.swift; path = OnboardingRoute.swift; sourceTree = "<group>"; };
		5848516928FE9D6200694341 /* ResetPasswordView.swift */ = {isa = PBXFileReference; lastKnownFileType = sourcecode.swift; path = ResetPasswordView.swift; sourceTree = "<group>"; };
		5848516C28FEA17200694341 /* TabBarView.swift */ = {isa = PBXFileReference; lastKnownFileType = sourcecode.swift; path = TabBarView.swift; sourceTree = "<group>"; };
		5848516E28FEA9BB00694341 /* CharactersView.swift */ = {isa = PBXFileReference; lastKnownFileType = sourcecode.swift; path = CharactersView.swift; sourceTree = "<group>"; };
		5848517028FEA9C700694341 /* EpisodesView.swift */ = {isa = PBXFileReference; lastKnownFileType = sourcecode.swift; path = EpisodesView.swift; sourceTree = "<group>"; };
		5848517328FEAA8C00694341 /* CharacterDetailView.swift */ = {isa = PBXFileReference; lastKnownFileType = sourcecode.swift; path = CharacterDetailView.swift; sourceTree = "<group>"; };
		5848517628FEAAB300694341 /* EpisodeDetailView.swift */ = {isa = PBXFileReference; lastKnownFileType = sourcecode.swift; path = EpisodeDetailView.swift; sourceTree = "<group>"; };
		5848517828FEAB7900694341 /* CharacterSheetView.swift */ = {isa = PBXFileReference; lastKnownFileType = sourcecode.swift; path = CharacterSheetView.swift; sourceTree = "<group>"; };
		5848517A28FEAC0100694341 /* TabRoute.swift */ = {isa = PBXFileReference; lastKnownFileType = sourcecode.swift; path = TabRoute.swift; sourceTree = "<group>"; };
		5848517C28FEBEB000694341 /* CharacterRoute.swift */ = {isa = PBXFileReference; lastKnownFileType = sourcecode.swift; path = CharacterRoute.swift; sourceTree = "<group>"; };
		5848517E28FEBFD900694341 /* SettingsView.swift */ = {isa = PBXFileReference; lastKnownFileType = sourcecode.swift; path = SettingsView.swift; sourceTree = "<group>"; };
		5848518028FEC19100694341 /* SettingsRoute.swift */ = {isa = PBXFileReference; lastKnownFileType = sourcecode.swift; path = SettingsRoute.swift; sourceTree = "<group>"; };
		5848518228FEC2B000694341 /* ProfileView.swift */ = {isa = PBXFileReference; lastKnownFileType = sourcecode.swift; path = ProfileView.swift; sourceTree = "<group>"; };
		5848518528FEC97B00694341 /* LoginError.swift */ = {isa = PBXFileReference; lastKnownFileType = sourcecode.swift; path = LoginError.swift; sourceTree = "<group>"; };
		589E0A642901622D0042E91B /* Character.swift */ = {isa = PBXFileReference; lastKnownFileType = sourcecode.swift; path = Character.swift; sourceTree = "<group>"; };
		589E0A66290162E60042E91B /* Episode.swift */ = {isa = PBXFileReference; lastKnownFileType = sourcecode.swift; path = Episode.swift; sourceTree = "<group>"; };
		589E0A682901632D0042E91B /* CharacterDetailViewModel.swift */ = {isa = PBXFileReference; lastKnownFileType = sourcecode.swift; path = CharacterDetailViewModel.swift; sourceTree = "<group>"; };
		589E0A6A290163550042E91B /* EpisodeDetailViewModel.swift */ = {isa = PBXFileReference; lastKnownFileType = sourcecode.swift; path = EpisodeDetailViewModel.swift; sourceTree = "<group>"; };
		589E0A6C2901636B0042E91B /* ProfileViewModel.swift */ = {isa = PBXFileReference; lastKnownFileType = sourcecode.swift; path = ProfileViewModel.swift; sourceTree = "<group>"; };
		589E0A6E290163F00042E91B /* CharacterSheetViewModel.swift */ = {isa = PBXFileReference; lastKnownFileType = sourcecode.swift; path = CharacterSheetViewModel.swift; sourceTree = "<group>"; };
		589E0A70290165E50042E91B /* LoginViewModel.swift */ = {isa = PBXFileReference; lastKnownFileType = sourcecode.swift; path = LoginViewModel.swift; sourceTree = "<group>"; };
		58E8F03928EDBE4500C0B357 /* ios-navigation-stack-sample.app */ = {isa = PBXFileReference; explicitFileType = wrapper.application; includeInIndex = 0; path = "ios-navigation-stack-sample.app"; sourceTree = BUILT_PRODUCTS_DIR; };
		58E8F03C28EDBE4500C0B357 /* ios_navigation_stack_sampleApp.swift */ = {isa = PBXFileReference; lastKnownFileType = sourcecode.swift; path = ios_navigation_stack_sampleApp.swift; sourceTree = "<group>"; };
		58E8F03E28EDBE4500C0B357 /* ContentView.swift */ = {isa = PBXFileReference; lastKnownFileType = sourcecode.swift; path = ContentView.swift; sourceTree = "<group>"; };
		58E8F04028EDBE4600C0B357 /* Assets.xcassets */ = {isa = PBXFileReference; lastKnownFileType = folder.assetcatalog; path = Assets.xcassets; sourceTree = "<group>"; };
		58E8F04328EDBE4600C0B357 /* Preview Assets.xcassets */ = {isa = PBXFileReference; lastKnownFileType = folder.assetcatalog; path = "Preview Assets.xcassets"; sourceTree = "<group>"; };
		58E972C42901661D0077967A /* RegistrationViewModel.swift */ = {isa = PBXFileReference; lastKnownFileType = sourcecode.swift; path = RegistrationViewModel.swift; sourceTree = "<group>"; };
		58E972C62901662D0077967A /* ResetPasswordViewModel.swift */ = {isa = PBXFileReference; lastKnownFileType = sourcecode.swift; path = ResetPasswordViewModel.swift; sourceTree = "<group>"; };
		58E972CF29016AB50077967A /* OnboardingStep2ViewModel.swift */ = {isa = PBXFileReference; lastKnownFileType = sourcecode.swift; path = OnboardingStep2ViewModel.swift; sourceTree = "<group>"; };
		58E972D3290175B20077967A /* Store.swift */ = {isa = PBXFileReference; lastKnownFileType = sourcecode.swift; path = Store.swift; sourceTree = "<group>"; };
		58E972D52901799C0077967A /* EpisodesViewModel.swift */ = {isa = PBXFileReference; lastKnownFileType = sourcecode.swift; path = EpisodesViewModel.swift; sourceTree = "<group>"; };
		58E972D729017A260077967A /* CharactersViewModel.swift */ = {isa = PBXFileReference; lastKnownFileType = sourcecode.swift; path = CharactersViewModel.swift; sourceTree = "<group>"; };
/* End PBXFileReference section */

/* Begin PBXFrameworksBuildPhase section */
		58E8F03628EDBE4500C0B357 /* Frameworks */ = {
			isa = PBXFrameworksBuildPhase;
			buildActionMask = 2147483647;
			files = (
			);
			runOnlyForDeploymentPostprocessing = 0;
		};
/* End PBXFrameworksBuildPhase section */

/* Begin PBXGroup section */
		5848515128FDD4E100694341 /* LoginScene */ = {
			isa = PBXGroup;
			children = (
				58E972CE29016A7E0077967A /* Login */,
				58E972CD29016A740077967A /* Registration */,
				58E972CC29016A6C0077967A /* ResetPassword */,
			);
			path = LoginScene;
			sourceTree = "<group>";
		};
		5848515328FE8C8B00694341 /* OnboardingScene */ = {
			isa = PBXGroup;
			children = (
				5848515B28FE907E00694341 /* OnboardingView.swift */,
				5848515D28FE92EA00694341 /* OnboardingStep1View.swift */,
				58E972D2290170840077967A /* OnboardingStep2 */,
			);
			path = OnboardingScene;
			sourceTree = "<group>";
		};
		5848515A28FE904B00694341 /* Routing */ = {
			isa = PBXGroup;
			children = (
				5848515428FE8F6600694341 /* Router.swift */,
				5848515828FE901E00694341 /* NavigationRoot.swift */,
				5848516728FE9D3700694341 /* OnboardingRoute.swift */,
				5848516528FE9CFC00694341 /* LoginRoute.swift */,
				5848517A28FEAC0100694341 /* TabRoute.swift */,
				5848517C28FEBEB000694341 /* CharacterRoute.swift */,
				5848518028FEC19100694341 /* SettingsRoute.swift */,
			);
			path = Routing;
			sourceTree = "<group>";
		};
		5848516B28FEA15E00694341 /* TabBarScene */ = {
			isa = PBXGroup;
			children = (
				5848516C28FEA17200694341 /* TabBarView.swift */,
				5848518428FEC2CF00694341 /* SettingsScene */,
				5848517228FEAA8300694341 /* CharactersScene */,
				5848517528FEAA9600694341 /* EpisodesScene */,
			);
			path = TabBarScene;
			sourceTree = "<group>";
		};
		5848517228FEAA8300694341 /* CharactersScene */ = {
			isa = PBXGroup;
			children = (
				58E972D929017B270077967A /* Characters */,
				58E972C829016A3A0077967A /* CharacterDetail */,
				58E972C929016A440077967A /* CharacterSheet */,
			);
			path = CharactersScene;
			sourceTree = "<group>";
		};
		5848517528FEAA9600694341 /* EpisodesScene */ = {
			isa = PBXGroup;
			children = (
				58E972DA29017B2E0077967A /* Episodes */,
				58E972CA29016A560077967A /* EpisodeDetail */,
			);
			path = EpisodesScene;
			sourceTree = "<group>";
		};
		5848518428FEC2CF00694341 /* SettingsScene */ = {
			isa = PBXGroup;
			children = (
				5848517E28FEBFD900694341 /* SettingsView.swift */,
				58E972CB29016A630077967A /* Profile */,
			);
			path = SettingsScene;
			sourceTree = "<group>";
		};
		5848518728FEEDF800694341 /* Frameworks */ = {
			isa = PBXGroup;
			children = (
			);
			name = Frameworks;
			sourceTree = "<group>";
		};
		589E0A63290162000042E91B /* Models */ = {
			isa = PBXGroup;
			children = (
				589E0A642901622D0042E91B /* Character.swift */,
				589E0A66290162E60042E91B /* Episode.swift */,
			);
			path = Models;
			sourceTree = "<group>";
		};
		58E8F03028EDBE4500C0B357 = {
			isa = PBXGroup;
			children = (
				58E8F03B28EDBE4500C0B357 /* ios-navigation-stack-sample */,
				58E8F03A28EDBE4500C0B357 /* Products */,
				5848518728FEEDF800694341 /* Frameworks */,
			);
			sourceTree = "<group>";
		};
		58E8F03A28EDBE4500C0B357 /* Products */ = {
			isa = PBXGroup;
			children = (
				58E8F03928EDBE4500C0B357 /* ios-navigation-stack-sample.app */,
			);
			name = Products;
			sourceTree = "<group>";
		};
		58E8F03B28EDBE4500C0B357 /* ios-navigation-stack-sample */ = {
			isa = PBXGroup;
			children = (
				5848514D28FD505900694341 /* Info.plist */,
				58E8F04028EDBE4600C0B357 /* Assets.xcassets */,
				58E8F03C28EDBE4500C0B357 /* ios_navigation_stack_sampleApp.swift */,
				58E8F03E28EDBE4500C0B357 /* ContentView.swift */,
				58E972D3290175B20077967A /* Store.swift */,
				58E972D129016BEC0077967A /* Types */,
				589E0A63290162000042E91B /* Models */,
				5848515A28FE904B00694341 /* Routing */,
				5848515328FE8C8B00694341 /* OnboardingScene */,
				5848515128FDD4E100694341 /* LoginScene */,
				5848516B28FEA15E00694341 /* TabBarScene */,
				58E8F04228EDBE4600C0B357 /* Preview Content */,
			);
			path = "ios-navigation-stack-sample";
			sourceTree = "<group>";
		};
		58E8F04228EDBE4600C0B357 /* Preview Content */ = {
			isa = PBXGroup;
			children = (
				58E8F04328EDBE4600C0B357 /* Preview Assets.xcassets */,
			);
			path = "Preview Content";
			sourceTree = "<group>";
		};
		58E972C829016A3A0077967A /* CharacterDetail */ = {
			isa = PBXGroup;
			children = (
				589E0A682901632D0042E91B /* CharacterDetailViewModel.swift */,
				5848517328FEAA8C00694341 /* CharacterDetailView.swift */,
			);
			path = CharacterDetail;
			sourceTree = "<group>";
		};
		58E972C929016A440077967A /* CharacterSheet */ = {
			isa = PBXGroup;
			children = (
				589E0A6E290163F00042E91B /* CharacterSheetViewModel.swift */,
				5848517828FEAB7900694341 /* CharacterSheetView.swift */,
			);
			path = CharacterSheet;
			sourceTree = "<group>";
		};
		58E972CA29016A560077967A /* EpisodeDetail */ = {
			isa = PBXGroup;
			children = (
				589E0A6A290163550042E91B /* EpisodeDetailViewModel.swift */,
				5848517628FEAAB300694341 /* EpisodeDetailView.swift */,
			);
			path = EpisodeDetail;
			sourceTree = "<group>";
		};
		58E972CB29016A630077967A /* Profile */ = {
			isa = PBXGroup;
			children = (
				589E0A6C2901636B0042E91B /* ProfileViewModel.swift */,
				5848518228FEC2B000694341 /* ProfileView.swift */,
			);
			path = Profile;
			sourceTree = "<group>";
		};
		58E972CC29016A6C0077967A /* ResetPassword */ = {
			isa = PBXGroup;
			children = (
				58E972C62901662D0077967A /* ResetPasswordViewModel.swift */,
				5848516928FE9D6200694341 /* ResetPasswordView.swift */,
			);
			path = ResetPassword;
			sourceTree = "<group>";
		};
		58E972CD29016A740077967A /* Registration */ = {
			isa = PBXGroup;
			children = (
				58E972C42901661D0077967A /* RegistrationViewModel.swift */,
				5848516328FE9B0C00694341 /* RegistrationView.swift */,
			);
			path = Registration;
			sourceTree = "<group>";
		};
		58E972CE29016A7E0077967A /* Login */ = {
			isa = PBXGroup;
			children = (
				589E0A70290165E50042E91B /* LoginViewModel.swift */,
				5848516128FE9AED00694341 /* LoginView.swift */,
			);
			path = Login;
			sourceTree = "<group>";
		};
		58E972D129016BEC0077967A /* Types */ = {
			isa = PBXGroup;
			children = (
				5848518528FEC97B00694341 /* LoginError.swift */,
			);
			path = Types;
			sourceTree = "<group>";
		};
		58E972D2290170840077967A /* OnboardingStep2 */ = {
			isa = PBXGroup;
			children = (
				58E972CF29016AB50077967A /* OnboardingStep2ViewModel.swift */,
				5848515F28FE932B00694341 /* OnboardingStep2View.swift */,
			);
			path = OnboardingStep2;
			sourceTree = "<group>";
		};
		58E972D929017B270077967A /* Characters */ = {
			isa = PBXGroup;
			children = (
				58E972D729017A260077967A /* CharactersViewModel.swift */,
				5848516E28FEA9BB00694341 /* CharactersView.swift */,
			);
			path = Characters;
			sourceTree = "<group>";
		};
		58E972DA29017B2E0077967A /* Episodes */ = {
			isa = PBXGroup;
			children = (
				58E972D52901799C0077967A /* EpisodesViewModel.swift */,
				5848517028FEA9C700694341 /* EpisodesView.swift */,
			);
			path = Episodes;
			sourceTree = "<group>";
		};
/* End PBXGroup section */

/* Begin PBXNativeTarget section */
		58E8F03828EDBE4500C0B357 /* ios-navigation-stack-sample */ = {
			isa = PBXNativeTarget;
			buildConfigurationList = 58E8F04728EDBE4600C0B357 /* Build configuration list for PBXNativeTarget "ios-navigation-stack-sample" */;
			buildPhases = (
				58E8F03528EDBE4500C0B357 /* Sources */,
				58E8F03628EDBE4500C0B357 /* Frameworks */,
				58E8F03728EDBE4500C0B357 /* Resources */,
			);
			buildRules = (
			);
			dependencies = (
			);
			name = "ios-navigation-stack-sample";
			packageProductDependencies = (
			);
			productName = "ios-navigation-stack-sample";
			productReference = 58E8F03928EDBE4500C0B357 /* ios-navigation-stack-sample.app */;
			productType = "com.apple.product-type.application";
		};
/* End PBXNativeTarget section */

/* Begin PBXProject section */
		58E8F03128EDBE4500C0B357 /* Project object */ = {
			isa = PBXProject;
			attributes = {
				BuildIndependentTargetsInParallel = 1;
				LastSwiftUpdateCheck = 1400;
				LastUpgradeCheck = 1400;
				TargetAttributes = {
					58E8F03828EDBE4500C0B357 = {
						CreatedOnToolsVersion = 14.0.1;
					};
				};
			};
			buildConfigurationList = 58E8F03428EDBE4500C0B357 /* Build configuration list for PBXProject "ios-navigation-stack-sample" */;
			compatibilityVersion = "Xcode 14.0";
			developmentRegion = en;
			hasScannedForEncodings = 0;
			knownRegions = (
				en,
				Base,
			);
			mainGroup = 58E8F03028EDBE4500C0B357;
			packageReferences = (
			);
			productRefGroup = 58E8F03A28EDBE4500C0B357 /* Products */;
			projectDirPath = "";
			projectRoot = "";
			targets = (
				58E8F03828EDBE4500C0B357 /* ios-navigation-stack-sample */,
			);
		};
/* End PBXProject section */

/* Begin PBXResourcesBuildPhase section */
		58E8F03728EDBE4500C0B357 /* Resources */ = {
			isa = PBXResourcesBuildPhase;
			buildActionMask = 2147483647;
			files = (
				58E8F04428EDBE4600C0B357 /* Preview Assets.xcassets in Resources */,
				58E8F04128EDBE4600C0B357 /* Assets.xcassets in Resources */,
			);
			runOnlyForDeploymentPostprocessing = 0;
		};
/* End PBXResourcesBuildPhase section */

/* Begin PBXSourcesBuildPhase section */
		58E8F03528EDBE4500C0B357 /* Sources */ = {
			isa = PBXSourcesBuildPhase;
			buildActionMask = 2147483647;
			files = (
				58E972D4290175B20077967A /* Store.swift in Sources */,
				5848517F28FEBFD900694341 /* SettingsView.swift in Sources */,
				58E972D62901799C0077967A /* EpisodesViewModel.swift in Sources */,
				5848516028FE932B00694341 /* OnboardingStep2View.swift in Sources */,
				589E0A6D2901636B0042E91B /* ProfileViewModel.swift in Sources */,
				5848516D28FEA17200694341 /* TabBarView.swift in Sources */,
				589E0A6B290163550042E91B /* EpisodeDetailViewModel.swift in Sources */,
				58E972C72901662D0077967A /* ResetPasswordViewModel.swift in Sources */,
				5848517728FEAAB300694341 /* EpisodeDetailView.swift in Sources */,
				58E8F03F28EDBE4500C0B357 /* ContentView.swift in Sources */,
				5848517B28FEAC0100694341 /* TabRoute.swift in Sources */,
				5848517128FEA9C700694341 /* EpisodesView.swift in Sources */,
				589E0A67290162E60042E91B /* Episode.swift in Sources */,
				5848517428FEAA8C00694341 /* CharacterDetailView.swift in Sources */,
				5848517D28FEBEB000694341 /* CharacterRoute.swift in Sources */,
				58E972D829017A260077967A /* CharactersViewModel.swift in Sources */,
				589E0A6F290163F00042E91B /* CharacterSheetViewModel.swift in Sources */,
				5848516228FE9AED00694341 /* LoginView.swift in Sources */,
				5848517928FEAB7900694341 /* CharacterSheetView.swift in Sources */,
				58E972D029016AB50077967A /* OnboardingStep2ViewModel.swift in Sources */,
				5848515E28FE92EA00694341 /* OnboardingStep1View.swift in Sources */,
				5848515928FE901E00694341 /* NavigationRoot.swift in Sources */,
				589E0A71290165E50042E91B /* LoginViewModel.swift in Sources */,
				5848516A28FE9D6200694341 /* ResetPasswordView.swift in Sources */,
				5848518628FEC97B00694341 /* LoginError.swift in Sources */,
				5848515C28FE907E00694341 /* OnboardingView.swift in Sources */,
				5848515528FE8F6600694341 /* Router.swift in Sources */,
				5848518128FEC19100694341 /* SettingsRoute.swift in Sources */,
				5848518328FEC2B000694341 /* ProfileView.swift in Sources */,
				58E8F03D28EDBE4500C0B357 /* ios_navigation_stack_sampleApp.swift in Sources */,
				5848516F28FEA9BB00694341 /* CharactersView.swift in Sources */,
				5848516428FE9B0C00694341 /* RegistrationView.swift in Sources */,
				589E0A652901622D0042E91B /* Character.swift in Sources */,
				589E0A692901632D0042E91B /* CharacterDetailViewModel.swift in Sources */,
				58E972C52901661D0077967A /* RegistrationViewModel.swift in Sources */,
				5848516828FE9D3700694341 /* OnboardingRoute.swift in Sources */,
				5848516628FE9CFC00694341 /* LoginRoute.swift in Sources */,
			);
			runOnlyForDeploymentPostprocessing = 0;
		};
/* End PBXSourcesBuildPhase section */

/* Begin XCBuildConfiguration section */
		58E8F04528EDBE4600C0B357 /* Debug */ = {
			isa = XCBuildConfiguration;
			buildSettings = {
				ALWAYS_SEARCH_USER_PATHS = NO;
				CLANG_ANALYZER_NONNULL = YES;
				CLANG_ANALYZER_NUMBER_OBJECT_CONVERSION = YES_AGGRESSIVE;
				CLANG_CXX_LANGUAGE_STANDARD = "gnu++20";
				CLANG_ENABLE_MODULES = YES;
				CLANG_ENABLE_OBJC_ARC = YES;
				CLANG_ENABLE_OBJC_WEAK = YES;
				CLANG_WARN_BLOCK_CAPTURE_AUTORELEASING = YES;
				CLANG_WARN_BOOL_CONVERSION = YES;
				CLANG_WARN_COMMA = YES;
				CLANG_WARN_CONSTANT_CONVERSION = YES;
				CLANG_WARN_DEPRECATED_OBJC_IMPLEMENTATIONS = YES;
				CLANG_WARN_DIRECT_OBJC_ISA_USAGE = YES_ERROR;
				CLANG_WARN_DOCUMENTATION_COMMENTS = YES;
				CLANG_WARN_EMPTY_BODY = YES;
				CLANG_WARN_ENUM_CONVERSION = YES;
				CLANG_WARN_INFINITE_RECURSION = YES;
				CLANG_WARN_INT_CONVERSION = YES;
				CLANG_WARN_NON_LITERAL_NULL_CONVERSION = YES;
				CLANG_WARN_OBJC_IMPLICIT_RETAIN_SELF = YES;
				CLANG_WARN_OBJC_LITERAL_CONVERSION = YES;
				CLANG_WARN_OBJC_ROOT_CLASS = YES_ERROR;
				CLANG_WARN_QUOTED_INCLUDE_IN_FRAMEWORK_HEADER = YES;
				CLANG_WARN_RANGE_LOOP_ANALYSIS = YES;
				CLANG_WARN_STRICT_PROTOTYPES = YES;
				CLANG_WARN_SUSPICIOUS_MOVE = YES;
				CLANG_WARN_UNGUARDED_AVAILABILITY = YES_AGGRESSIVE;
				CLANG_WARN_UNREACHABLE_CODE = YES;
				CLANG_WARN__DUPLICATE_METHOD_MATCH = YES;
				COPY_PHASE_STRIP = NO;
				DEBUG_INFORMATION_FORMAT = dwarf;
				ENABLE_STRICT_OBJC_MSGSEND = YES;
				ENABLE_TESTABILITY = YES;
				GCC_C_LANGUAGE_STANDARD = gnu11;
				GCC_DYNAMIC_NO_PIC = NO;
				GCC_NO_COMMON_BLOCKS = YES;
				GCC_OPTIMIZATION_LEVEL = 0;
				GCC_PREPROCESSOR_DEFINITIONS = (
					"DEBUG=1",
					"$(inherited)",
				);
				GCC_WARN_64_TO_32_BIT_CONVERSION = YES;
				GCC_WARN_ABOUT_RETURN_TYPE = YES_ERROR;
				GCC_WARN_UNDECLARED_SELECTOR = YES;
				GCC_WARN_UNINITIALIZED_AUTOS = YES_AGGRESSIVE;
				GCC_WARN_UNUSED_FUNCTION = YES;
				GCC_WARN_UNUSED_VARIABLE = YES;
				IPHONEOS_DEPLOYMENT_TARGET = 16.0;
				MTL_ENABLE_DEBUG_INFO = INCLUDE_SOURCE;
				MTL_FAST_MATH = YES;
				ONLY_ACTIVE_ARCH = YES;
				SDKROOT = iphoneos;
				SWIFT_ACTIVE_COMPILATION_CONDITIONS = DEBUG;
				SWIFT_OPTIMIZATION_LEVEL = "-Onone";
			};
			name = Debug;
		};
		58E8F04628EDBE4600C0B357 /* Release */ = {
			isa = XCBuildConfiguration;
			buildSettings = {
				ALWAYS_SEARCH_USER_PATHS = NO;
				CLANG_ANALYZER_NONNULL = YES;
				CLANG_ANALYZER_NUMBER_OBJECT_CONVERSION = YES_AGGRESSIVE;
				CLANG_CXX_LANGUAGE_STANDARD = "gnu++20";
				CLANG_ENABLE_MODULES = YES;
				CLANG_ENABLE_OBJC_ARC = YES;
				CLANG_ENABLE_OBJC_WEAK = YES;
				CLANG_WARN_BLOCK_CAPTURE_AUTORELEASING = YES;
				CLANG_WARN_BOOL_CONVERSION = YES;
				CLANG_WARN_COMMA = YES;
				CLANG_WARN_CONSTANT_CONVERSION = YES;
				CLANG_WARN_DEPRECATED_OBJC_IMPLEMENTATIONS = YES;
				CLANG_WARN_DIRECT_OBJC_ISA_USAGE = YES_ERROR;
				CLANG_WARN_DOCUMENTATION_COMMENTS = YES;
				CLANG_WARN_EMPTY_BODY = YES;
				CLANG_WARN_ENUM_CONVERSION = YES;
				CLANG_WARN_INFINITE_RECURSION = YES;
				CLANG_WARN_INT_CONVERSION = YES;
				CLANG_WARN_NON_LITERAL_NULL_CONVERSION = YES;
				CLANG_WARN_OBJC_IMPLICIT_RETAIN_SELF = YES;
				CLANG_WARN_OBJC_LITERAL_CONVERSION = YES;
				CLANG_WARN_OBJC_ROOT_CLASS = YES_ERROR;
				CLANG_WARN_QUOTED_INCLUDE_IN_FRAMEWORK_HEADER = YES;
				CLANG_WARN_RANGE_LOOP_ANALYSIS = YES;
				CLANG_WARN_STRICT_PROTOTYPES = YES;
				CLANG_WARN_SUSPICIOUS_MOVE = YES;
				CLANG_WARN_UNGUARDED_AVAILABILITY = YES_AGGRESSIVE;
				CLANG_WARN_UNREACHABLE_CODE = YES;
				CLANG_WARN__DUPLICATE_METHOD_MATCH = YES;
				COPY_PHASE_STRIP = NO;
				DEBUG_INFORMATION_FORMAT = "dwarf-with-dsym";
				ENABLE_NS_ASSERTIONS = NO;
				ENABLE_STRICT_OBJC_MSGSEND = YES;
				GCC_C_LANGUAGE_STANDARD = gnu11;
				GCC_NO_COMMON_BLOCKS = YES;
				GCC_WARN_64_TO_32_BIT_CONVERSION = YES;
				GCC_WARN_ABOUT_RETURN_TYPE = YES_ERROR;
				GCC_WARN_UNDECLARED_SELECTOR = YES;
				GCC_WARN_UNINITIALIZED_AUTOS = YES_AGGRESSIVE;
				GCC_WARN_UNUSED_FUNCTION = YES;
				GCC_WARN_UNUSED_VARIABLE = YES;
				IPHONEOS_DEPLOYMENT_TARGET = 16.0;
				MTL_ENABLE_DEBUG_INFO = NO;
				MTL_FAST_MATH = YES;
				SDKROOT = iphoneos;
				SWIFT_COMPILATION_MODE = wholemodule;
				SWIFT_OPTIMIZATION_LEVEL = "-O";
				VALIDATE_PRODUCT = YES;
			};
			name = Release;
		};
		58E8F04828EDBE4600C0B357 /* Debug */ = {
			isa = XCBuildConfiguration;
			buildSettings = {
				ASSETCATALOG_COMPILER_APPICON_NAME = AppIcon;
				ASSETCATALOG_COMPILER_GLOBAL_ACCENT_COLOR_NAME = AccentColor;
				CODE_SIGN_ENTITLEMENTS = "ios-navigation-stack-sample/ios-navigation-stack-sample.entitlements";
				CODE_SIGN_STYLE = Automatic;
				CURRENT_PROJECT_VERSION = 1;
				DEVELOPMENT_ASSET_PATHS = "\"ios-navigation-stack-sample/Preview Content\"";
				DEVELOPMENT_TEAM = EAVQTDVRT7;
				ENABLE_PREVIEWS = YES;
				GENERATE_INFOPLIST_FILE = YES;
				INFOPLIST_FILE = "ios-navigation-stack-sample/Info.plist";
				INFOPLIST_KEY_CFBundleDisplayName = NavigationStackSample;
				INFOPLIST_KEY_UIApplicationSceneManifest_Generation = YES;
				INFOPLIST_KEY_UIApplicationSupportsIndirectInputEvents = YES;
				INFOPLIST_KEY_UILaunchScreen_Generation = YES;
				INFOPLIST_KEY_UISupportedInterfaceOrientations_iPad = "UIInterfaceOrientationPortrait UIInterfaceOrientationPortraitUpsideDown UIInterfaceOrientationLandscapeLeft UIInterfaceOrientationLandscapeRight";
				INFOPLIST_KEY_UISupportedInterfaceOrientations_iPhone = "UIInterfaceOrientationPortrait UIInterfaceOrientationLandscapeLeft UIInterfaceOrientationLandscapeRight";
				LD_RUNPATH_SEARCH_PATHS = (
					"$(inherited)",
					"@executable_path/Frameworks",
				);
				MARKETING_VERSION = 1.0;
				PRODUCT_BUNDLE_IDENTIFIER = "com.matejmol.ios-navigation-stack-sample";
				PRODUCT_NAME = "$(TARGET_NAME)";
				SWIFT_EMIT_LOC_STRINGS = YES;
				SWIFT_VERSION = 5.0;
				TARGETED_DEVICE_FAMILY = "1,2";
			};
			name = Debug;
		};
		58E8F04928EDBE4600C0B357 /* Release */ = {
			isa = XCBuildConfiguration;
			buildSettings = {
				ASSETCATALOG_COMPILER_APPICON_NAME = AppIcon;
				ASSETCATALOG_COMPILER_GLOBAL_ACCENT_COLOR_NAME = AccentColor;
				CODE_SIGN_ENTITLEMENTS = "ios-navigation-stack-sample/ios-navigation-stack-sample.entitlements";
				CODE_SIGN_STYLE = Automatic;
				CURRENT_PROJECT_VERSION = 1;
				DEVELOPMENT_ASSET_PATHS = "\"ios-navigation-stack-sample/Preview Content\"";
				DEVELOPMENT_TEAM = EAVQTDVRT7;
				ENABLE_PREVIEWS = YES;
				GENERATE_INFOPLIST_FILE = YES;
				INFOPLIST_FILE = "ios-navigation-stack-sample/Info.plist";
				INFOPLIST_KEY_CFBundleDisplayName = NavigationStackSample;
				INFOPLIST_KEY_UIApplicationSceneManifest_Generation = YES;
				INFOPLIST_KEY_UIApplicationSupportsIndirectInputEvents = YES;
				INFOPLIST_KEY_UILaunchScreen_Generation = YES;
				INFOPLIST_KEY_UISupportedInterfaceOrientations_iPad = "UIInterfaceOrientationPortrait UIInterfaceOrientationPortraitUpsideDown UIInterfaceOrientationLandscapeLeft UIInterfaceOrientationLandscapeRight";
				INFOPLIST_KEY_UISupportedInterfaceOrientations_iPhone = "UIInterfaceOrientationPortrait UIInterfaceOrientationLandscapeLeft UIInterfaceOrientationLandscapeRight";
				LD_RUNPATH_SEARCH_PATHS = (
					"$(inherited)",
					"@executable_path/Frameworks",
				);
				MARKETING_VERSION = 1.0;
				PRODUCT_BUNDLE_IDENTIFIER = "com.matejmol.ios-navigation-stack-sample";
				PRODUCT_NAME = "$(TARGET_NAME)";
				SWIFT_EMIT_LOC_STRINGS = YES;
				SWIFT_VERSION = 5.0;
				TARGETED_DEVICE_FAMILY = "1,2";
			};
			name = Release;
		};
/* End XCBuildConfiguration section */

/* Begin XCConfigurationList section */
		58E8F03428EDBE4500C0B357 /* Build configuration list for PBXProject "ios-navigation-stack-sample" */ = {
			isa = XCConfigurationList;
			buildConfigurations = (
				58E8F04528EDBE4600C0B357 /* Debug */,
				58E8F04628EDBE4600C0B357 /* Release */,
			);
			defaultConfigurationIsVisible = 0;
			defaultConfigurationName = Release;
		};
		58E8F04728EDBE4600C0B357 /* Build configuration list for PBXNativeTarget "ios-navigation-stack-sample" */ = {
			isa = XCConfigurationList;
			buildConfigurations = (
				58E8F04828EDBE4600C0B357 /* Debug */,
				58E8F04928EDBE4600C0B357 /* Release */,
			);
			defaultConfigurationIsVisible = 0;
			defaultConfigurationName = Release;
		};
/* End XCConfigurationList section */
	};
	rootObject = 58E8F03128EDBE4500C0B357 /* Project object */;
}
